{
  "originHash" : "2009f95683e9ae986ffdbe8b6575e74e41b9b0623a1b84678e286a32e3b1c787",
  "pins" : [
    {
      "identity" : "capacitor-swift-pm",
      "kind" : "remoteSourceControl",
      "location" : "https://github.com/ionic-team/capacitor-swift-pm.git",
      "state" : {
        "revision" : "6a2a3feb25fda8df2a284d0818bc9c83e57a7d56",
        "version" : "8.3.0"
      }
    }
  ],
  "version" : 3
}
